
Microsoft Visual Studio Solution File, Format Version 12.00
# Visual Studio Version 17
VisualStudioVersion = 17.8.34525.116
MinimumVisualStudioVersion = 10.0.40219.1
Project("{FAE04EC0-301F-11D3-BF4B-00C04F79EFBC}") = "Nishant Dadwal", "Nishant Dadwal.csproj", "{FAD9006F-4DC0-4EB8-9966-69393392BF71}"
EndProject
Global
	GlobalSection(SolutionConfigurationPlatforms) = preSolution
		Debug|Any CPU = Debug|Any CPU
		Release|Any CPU = Release|Any CPU
	EndGlobalSection
	GlobalSection(ProjectConfigurationPlatforms) = postSolution
		{FAD9006F-4DC0-4EB8-9966-69393392BF71}.Debug|Any CPU.ActiveCfg = Debug|Any CPU
		{FAD9006F-4DC0-4EB8-9966-69393392BF71}.Debug|Any CPU.Build.0 = Debug|Any CPU
		{FAD9006F-4DC0-4EB8-9966-69393392BF71}.Release|Any CPU.ActiveCfg = Release|Any CPU
		{FAD9006F-4DC0-4EB8-9966-69393392BF71}.Release|Any CPU.Build.0 = Release|Any CPU
	EndGlobalSection
	GlobalSection(SolutionProperties) = preSolution
		HideSolutionNode = FALSE
	EndGlobalSection
	GlobalSection(ExtensibilityGlobals) = postSolution
		SolutionGuid = {20DBAF51-E631-4DB0-A6B1-32067874E157}
	EndGlobalSection
EndGlobal
